// !$*UTF8*$!
{
	archiveVersion = 1;
	classes = {
	};
	objectVersion = 50;
	objects = {

/* Begin PBXBuildFile section */
		7F13ED862194C5B59F0981BC /* Pods_FolledoTinder.framework in Frameworks */ = {isa = PBXBuildFile; fileRef = F5D64A6C0C79B74071EC4300 /* Pods_FolledoTinder.framework */; };
		CD05B6D420DD9D2100985B21 /* AppDelegate.swift in Sources */ = {isa = PBXBuildFile; fileRef = CD05B6D320DD9D2100985B21 /* AppDelegate.swift */; };
		CD05B6D620DD9D2100985B21 /* ViewController.swift in Sources */ = {isa = PBXBuildFile; fileRef = CD05B6D520DD9D2100985B21 /* ViewController.swift */; };
		CD05B6D920DD9D2100985B21 /* Main.storyboard in Resources */ = {isa = PBXBuildFile; fileRef = CD05B6D720DD9D2100985B21 /* Main.storyboard */; };
		CD05B6DB20DD9D2900985B21 /* Assets.xcassets in Resources */ = {isa = PBXBuildFile; fileRef = CD05B6DA20DD9D2900985B21 /* Assets.xcassets */; };
		CD05B6DE20DD9D2900985B21 /* LaunchScreen.storyboard in Resources */ = {isa = PBXBuildFile; fileRef = CD05B6DC20DD9D2900985B21 /* LaunchScreen.storyboard */; };
/* End PBXBuildFile section */

/* Begin PBXFileReference section */
		671F4D3145A47FD5A87DD5AE /* Pods-FolledoTinder.debug.xcconfig */ = {isa = PBXFileReference; includeInIndex = 1; lastKnownFileType = text.xcconfig; name = "Pods-FolledoTinder.debug.xcconfig"; path = "Pods/Target Support Files/Pods-FolledoTinder/Pods-FolledoTinder.debug.xcconfig"; sourceTree = "<group>"; };
		A95418D343D32DBEF5E8C9C4 /* Pods-FolledoTinder.release.xcconfig */ = {isa = PBXFileReference; includeInIndex = 1; lastKnownFileType = text.xcconfig; name = "Pods-FolledoTinder.release.xcconfig"; path = "Pods/Target Support Files/Pods-FolledoTinder/Pods-FolledoTinder.release.xcconfig"; sourceTree = "<group>"; };
		CD05B6D020DD9D2000985B21 /* FolledoTinder.app */ = {isa = PBXFileReference; explicitFileType = wrapper.application; includeInIndex = 0; path = FolledoTinder.app; sourceTree = BUILT_PRODUCTS_DIR; };
		CD05B6D320DD9D2100985B21 /* AppDelegate.swift */ = {isa = PBXFileReference; lastKnownFileType = sourcecode.swift; path = AppDelegate.swift; sourceTree = "<group>"; };
		CD05B6D520DD9D2100985B21 /* ViewController.swift */ = {isa = PBXFileReference; lastKnownFileType = sourcecode.swift; path = ViewController.swift; sourceTree = "<group>"; };
		CD05B6D820DD9D2100985B21 /* Base */ = {isa = PBXFileReference; lastKnownFileType = file.storyboard; name = Base; path = Base.lproj/Main.storyboard; sourceTree = "<group>"; };
		CD05B6DA20DD9D2900985B21 /* Assets.xcassets */ = {isa = PBXFileReference; lastKnownFileType = folder.assetcatalog; path = Assets.xcassets; sourceTree = "<group>"; };
		CD05B6DD20DD9D2900985B21 /* Base */ = {isa = PBXFileReference; lastKnownFileType = file.storyboard; name = Base; path = Base.lproj/LaunchScreen.storyboard; sourceTree = "<group>"; };
		CD05B6DF20DD9D2900985B21 /* Info.plist */ = {isa = PBXFileReference; lastKnownFileType = text.plist.xml; path = Info.plist; sourceTree = "<group>"; };
		F5D64A6C0C79B74071EC4300 /* Pods_FolledoTinder.framework */ = {isa = PBXFileReference; explicitFileType = wrapper.framework; includeInIndex = 0; path = Pods_FolledoTinder.framework; sourceTree = BUILT_PRODUCTS_DIR; };
/* End PBXFileReference section */

/* Begin PBXFrameworksBuildPhase section */
		CD05B6CD20DD9D2000985B21 /* Frameworks */ = {
			isa = PBXFrameworksBuildPhase;
			buildActionMask = 2147483647;
			files = (
				7F13ED862194C5B59F0981BC /* Pods_FolledoTinder.framework in Frameworks */,
			);
			runOnlyForDeploymentPostprocessing = 0;
		};
/* End PBXFrameworksBuildPhase section */

/* Begin PBXGroup section */
		06AB57B036161CD785B6895B /* Pods */ = {
			isa = PBXGroup;
			children = (
				671F4D3145A47FD5A87DD5AE /* Pods-FolledoTinder.debug.xcconfig */,
				A95418D343D32DBEF5E8C9C4 /* Pods-FolledoTinder.release.xcconfig */,
			);
			name = Pods;
			sourceTree = "<group>";
		};
		A8D85117AF4FC85D4BF4A83C /* Frameworks */ = {
			isa = PBXGroup;
			children = (
				F5D64A6C0C79B74071EC4300 /* Pods_FolledoTinder.framework */,
			);
			name = Frameworks;
			sourceTree = "<group>";
		};
		CD05B6C720DD9D2000985B21 = {
			isa = PBXGroup;
			children = (
				CD05B6D220DD9D2000985B21 /* FolledoTinder */,
				CD05B6D120DD9D2000985B21 /* Products */,
				06AB57B036161CD785B6895B /* Pods */,
				A8D85117AF4FC85D4BF4A83C /* Frameworks */,
			);
			sourceTree = "<group>";
		};
		CD05B6D120DD9D2000985B21 /* Products */ = {
			isa = PBXGroup;
			children = (
				CD05B6D020DD9D2000985B21 /* FolledoTinder.app */,
			);
			name = Products;
			sourceTree = "<group>";
		};
		CD05B6D220DD9D2000985B21 /* FolledoTinder */ = {
			isa = PBXGroup;
			children = (
				CD05B6D320DD9D2100985B21 /* AppDelegate.swift */,
				CD05B6D520DD9D2100985B21 /* ViewController.swift */,
				CD05B6D720DD9D2100985B21 /* Main.storyboard */,
				CD05B6DA20DD9D2900985B21 /* Assets.xcassets */,
				CD05B6DC20DD9D2900985B21 /* LaunchScreen.storyboard */,
				CD05B6DF20DD9D2900985B21 /* Info.plist */,
			);
			path = FolledoTinder;
			sourceTree = "<group>";
		};
/* End PBXGroup section */

/* Begin PBXNativeTarget section */
		CD05B6CF20DD9D2000985B21 /* FolledoTinder */ = {
			isa = PBXNativeTarget;
			buildConfigurationList = CD05B6E220DD9D2900985B21 /* Build configuration list for PBXNativeTarget "FolledoTinder" */;
			buildPhases = (
				00077A026F0504C315CE8FA7 /* [CP] Check Pods Manifest.lock */,
				CD05B6CC20DD9D2000985B21 /* Sources */,
				CD05B6CD20DD9D2000985B21 /* Frameworks */,
				CD05B6CE20DD9D2000985B21 /* Resources */,
				B293E263F5974B6849BBD23A /* [CP] Embed Pods Frameworks */,
			);
			buildRules = (
			);
			dependencies = (
			);
			name = FolledoTinder;
			productName = FolledoTinder;
			productReference = CD05B6D020DD9D2000985B21 /* FolledoTinder.app */;
			productType = "com.apple.product-type.application";
		};
/* End PBXNativeTarget section */

/* Begin PBXProject section */
		CD05B6C820DD9D2000985B21 /* Project object */ = {
			isa = PBXProject;
			attributes = {
				LastSwiftUpdateCheck = 0940;
				LastUpgradeCheck = 0940;
				ORGANIZATIONNAME = "Samuel Folledo";
				TargetAttributes = {
					CD05B6CF20DD9D2000985B21 = {
						CreatedOnToolsVersion = 9.4.1;
					};
				};
			};
			buildConfigurationList = CD05B6CB20DD9D2000985B21 /* Build configuration list for PBXProject "FolledoTinder" */;
			compatibilityVersion = "Xcode 9.3";
			developmentRegion = en;
			hasScannedForEncodings = 0;
			knownRegions = (
				en,
				Base,
			);
			mainGroup = CD05B6C720DD9D2000985B21;
			productRefGroup = CD05B6D120DD9D2000985B21 /* Products */;
			projectDirPath = "";
			projectRoot = "";
			targets = (
				CD05B6CF20DD9D2000985B21 /* FolledoTinder */,
			);
		};
/* End PBXProject section */

/* Begin PBXResourcesBuildPhase section */
		CD05B6CE20DD9D2000985B21 /* Resources */ = {
			isa = PBXResourcesBuildPhase;
			buildActionMask = 2147483647;
			files = (
				CD05B6DE20DD9D2900985B21 /* LaunchScreen.storyboard in Resources */,
				CD05B6DB20DD9D2900985B21 /* Assets.xcassets in Resources */,
				CD05B6D920DD9D2100985B21 /* Main.storyboard in Resources */,
			);
			runOnlyForDeploymentPostprocessing = 0;
		};
/* End PBXResourcesBuildPhase section */

/* Begin PBXShellScriptBuildPhase section */
		00077A026F0504C315CE8FA7 /* [CP] Check Pods Manifest.lock */ = {
			isa = PBXShellScriptBuildPhase;
			buildActionMask = 2147483647;
			files = (
			);
			inputPaths = (
				"${PODS_PODFILE_DIR_PATH}/Podfile.lock",
				"${PODS_ROOT}/Manifest.lock",
			);
			name = "[CP] Check Pods Manifest.lock";
			outputPaths = (
				"$(DERIVED_FILE_DIR)/Pods-FolledoTinder-checkManifestLockResult.txt",
			);
			runOnlyForDeploymentPostprocessing = 0;
			shellPath = /bin/sh;
			shellScript = "diff \"${PODS_PODFILE_DIR_PATH}/Podfile.lock\" \"${PODS_ROOT}/Manifest.lock\" > /dev/null\nif [ $? != 0 ] ; then\n    # print error to STDERR\n    echo \"error: The sandbox is not in sync with the Podfile.lock. Run 'pod install' or update your CocoaPods installation.\" >&2\n    exit 1\nfi\n# This output is used by Xcode 'outputs' to avoid re-running this script phase.\necho \"SUCCESS\" > \"${SCRIPT_OUTPUT_FILE_0}\"\n";
			showEnvVarsInLog = 0;
		};
		B293E263F5974B6849BBD23A /* [CP] Embed Pods Frameworks */ = {
			isa = PBXShellScriptBuildPhase;
			buildActionMask = 2147483647;
			files = (
			);
			inputPaths = (
				"${SRCROOT}/Pods/Target Support Files/Pods-FolledoTinder/Pods-FolledoTinder-frameworks.sh",
				"${BUILT_PRODUCTS_DIR}/Bolts/Bolts.framework",
				"${BUILT_PRODUCTS_DIR}/Parse/Parse.framework",
			);
			name = "[CP] Embed Pods Frameworks";
			outputPaths = (
				"${TARGET_BUILD_DIR}/${FRAMEWORKS_FOLDER_PATH}/Bolts.framework",
				"${TARGET_BUILD_DIR}/${FRAMEWORKS_FOLDER_PATH}/Parse.framework",
			);
			runOnlyForDeploymentPostprocessing = 0;
			shellPath = /bin/sh;
			shellScript = "\"${SRCROOT}/Pods/Target Support Files/Pods-FolledoTinder/Pods-FolledoTinder-frameworks.sh\"\n";
			showEnvVarsInLog = 0;
		};
/* End PBXShellScriptBuildPhase section */

/* Begin PBXSourcesBuildPhase section */
		CD05B6CC20DD9D2000985B21 /* Sources */ = {
			isa = PBXSourcesBuildPhase;
			buildActionMask = 2147483647;
			files = (
				CD05B6D620DD9D2100985B21 /* ViewController.swift in Sources */,
				CD05B6D420DD9D2100985B21 /* AppDelegate.swift in Sources */,
			);
			runOnlyForDeploymentPostprocessing = 0;
		};
/* End PBXSourcesBuildPhase section */

/* Begin PBXVariantGroup section */
		CD05B6D720DD9D2100985B21 /* Main.storyboard */ = {
			isa = PBXVariantGroup;
			children = (
				CD05B6D820DD9D2100985B21 /* Base */,
			);
			name = Main.storyboard;
			sourceTree = "<group>";
		};
		CD05B6DC20DD9D2900985B21 /* LaunchScreen.storyboard */ = {
			isa = PBXVariantGroup;
			children = (
				CD05B6DD20DD9D2900985B21 /* Base */,
			);
			name = LaunchScreen.storyboard;
			sourceTree = "<group>";
		};
/* End PBXVariantGroup section */

/* Begin XCBuildConfiguration section */
		CD05B6E020DD9D2900985B21 /* Debug */ = {
			isa = XCBuildConfiguration;
			buildSettings = {
				ALWAYS_SEARCH_USER_PATHS = NO;
				CLANG_ANALYZER_NONNULL = YES;
				CLANG_ANALYZER_NUMBER_OBJECT_CONVERSION = YES_AGGRESSIVE;
				CLANG_CXX_LANGUAGE_STANDARD = "gnu++14";
				CLANG_CXX_LIBRARY = "libc++";
				CLANG_ENABLE_MODULES = YES;
				CLANG_ENABLE_OBJC_ARC = YES;
				CLANG_ENABLE_OBJC_WEAK = YES;
				CLANG_WARN_BLOCK_CAPTURE_AUTORELEASING = YES;
				CLANG_WARN_BOOL_CONVERSION = YES;
				CLANG_WARN_COMMA = YES;
				CLANG_WARN_CONSTANT_CONVERSION = YES;
				CLANG_WARN_DEPRECATED_OBJC_IMPLEMENTATIONS = YES;
				CLANG_WARN_DIRECT_OBJC_ISA_USAGE = YES_ERROR;
				CLANG_WARN_DOCUMENTATION_COMMENTS = YES;
				CLANG_WARN_EMPTY_BODY = YES;
				CLANG_WARN_ENUM_CONVERSION = YES;
				CLANG_WARN_INFINITE_RECURSION = YES;
				CLANG_WARN_INT_CONVERSION = YES;
				CLANG_WARN_NON_LITERAL_NULL_CONVERSION = YES;
				CLANG_WARN_OBJC_IMPLICIT_RETAIN_SELF = YES;
				CLANG_WARN_OBJC_LITERAL_CONVERSION = YES;
				CLANG_WARN_OBJC_ROOT_CLASS = YES_ERROR;
				CLANG_WARN_RANGE_LOOP_ANALYSIS = YES;
				CLANG_WARN_STRICT_PROTOTYPES = YES;
				CLANG_WARN_SUSPICIOUS_MOVE = YES;
				CLANG_WARN_UNGUARDED_AVAILABILITY = YES_AGGRESSIVE;
				CLANG_WARN_UNREACHABLE_CODE = YES;
				CLANG_WARN__DUPLICATE_METHOD_MATCH = YES;
				CODE_SIGN_IDENTITY = "iPhone Developer";
				COPY_PHASE_STRIP = NO;
				DEBUG_INFORMATION_FORMAT = dwarf;
				ENABLE_STRICT_OBJC_MSGSEND = YES;
				ENABLE_TESTABILITY = YES;
				GCC_C_LANGUAGE_STANDARD = gnu11;
				GCC_DYNAMIC_NO_PIC = NO;
				GCC_NO_COMMON_BLOCKS = YES;
				GCC_OPTIMIZATION_LEVEL = 0;
				GCC_PREPROCESSOR_DEFINITIONS = (
					"DEBUG=1",
					"$(inherited)",
				);
				GCC_WARN_64_TO_32_BIT_CONVERSION = YES;
				GCC_WARN_ABOUT_RETURN_TYPE = YES_ERROR;
				GCC_WARN_UNDECLARED_SELECTOR = YES;
				GCC_WARN_UNINITIALIZED_AUTOS = YES_AGGRESSIVE;
				GCC_WARN_UNUSED_FUNCTION = YES;
				GCC_WARN_UNUSED_VARIABLE = YES;
				IPHONEOS_DEPLOYMENT_TARGET = 11.4;
				MTL_ENABLE_DEBUG_INFO = YES;
				ONLY_ACTIVE_ARCH = YES;
				SDKROOT = iphoneos;
				SWIFT_ACTIVE_COMPILATION_CONDITIONS = DEBUG;
				SWIFT_OPTIMIZATION_LEVEL = "-Onone";
			};
			name = Debug;
		};
		CD05B6E120DD9D2900985B21 /* Release */ = {
			isa = XCBuildConfiguration;
			buildSettings = {
				ALWAYS_SEARCH_USER_PATHS = NO;
				CLANG_ANALYZER_NONNULL = YES;
				CLANG_ANALYZER_NUMBER_OBJECT_CONVERSION = YES_AGGRESSIVE;
				CLANG_CXX_LANGUAGE_STANDARD = "gnu++14";
				CLANG_CXX_LIBRARY = "libc++";
				CLANG_ENABLE_MODULES = YES;
				CLANG_ENABLE_OBJC_ARC = YES;
				CLANG_ENABLE_OBJC_WEAK = YES;
				CLANG_WARN_BLOCK_CAPTURE_AUTORELEASING = YES;
				CLANG_WARN_BOOL_CONVERSION = YES;
				CLANG_WARN_COMMA = YES;
				CLANG_WARN_CONSTANT_CONVERSION = YES;
				CLANG_WARN_DEPRECATED_OBJC_IMPLEMENTATIONS = YES;
				CLANG_WARN_DIRECT_OBJC_ISA_USAGE = YES_ERROR;
				CLANG_WARN_DOCUMENTATION_COMMENTS = YES;
				CLANG_WARN_EMPTY_BODY = YES;
				CLANG_WARN_ENUM_CONVERSION = YES;
				CLANG_WARN_INFINITE_RECURSION = YES;
				CLANG_WARN_INT_CONVERSION = YES;
				CLANG_WARN_NON_LITERAL_NULL_CONVERSION = YES;
				CLANG_WARN_OBJC_IMPLICIT_RETAIN_SELF = YES;
				CLANG_WARN_OBJC_LITERAL_CONVERSION = YES;
				CLANG_WARN_OBJC_ROOT_CLASS = YES_ERROR;
				CLANG_WARN_RANGE_LOOP_ANALYSIS = YES;
				CLANG_WARN_STRICT_PROTOTYPES = YES;
				CLANG_WARN_SUSPICIOUS_MOVE = YES;
				CLANG_WARN_UNGUARDED_AVAILABILITY = YES_AGGRESSIVE;
				CLANG_WARN_UNREACHABLE_CODE = YES;
				CLANG_WARN__DUPLICATE_METHOD_MATCH = YES;
				CODE_SIGN_IDENTITY = "iPhone Developer";
				COPY_PHASE_STRIP = NO;
				DEBUG_INFORMATION_FORMAT = "dwarf-with-dsym";
				ENABLE_NS_ASSERTIONS = NO;
				ENABLE_STRICT_OBJC_MSGSEND = YES;
				GCC_C_LANGUAGE_STANDARD = gnu11;
				GCC_NO_COMMON_BLOCKS = YES;
				GCC_WARN_64_TO_32_BIT_CONVERSION = YES;
				GCC_WARN_ABOUT_RETURN_TYPE = YES_ERROR;
				GCC_WARN_UNDECLARED_SELECTOR = YES;
				GCC_WARN_UNINITIALIZED_AUTOS = YES_AGGRESSIVE;
				GCC_WARN_UNUSED_FUNCTION = YES;
				GCC_WARN_UNUSED_VARIABLE = YES;
				IPHONEOS_DEPLOYMENT_TARGET = 11.4;
				MTL_ENABLE_DEBUG_INFO = NO;
				SDKROOT = iphoneos;
				SWIFT_COMPILATION_MODE = wholemodule;
				SWIFT_OPTIMIZATION_LEVEL = "-O";
				VALIDATE_PRODUCT = YES;
			};
			name = Release;
		};
		CD05B6E320DD9D2900985B21 /* Debug */ = {
			isa = XCBuildConfiguration;
			baseConfigurationReference = 671F4D3145A47FD5A87DD5AE /* Pods-FolledoTinder.debug.xcconfig */;
			buildSettings = {
				ASSETCATALOG_COMPILER_APPICON_NAME = AppIcon;
				CODE_SIGN_STYLE = Automatic;
				DEVELOPMENT_TEAM = 8KSKUH7X29;
				INFOPLIST_FILE = FolledoTinder/Info.plist;
				LD_RUNPATH_SEARCH_PATHS = (
					"$(inherited)",
					"@executable_path/Frameworks",
				);
				PRODUCT_BUNDLE_IDENTIFIER = FolledoSwag.FolledoTinder;
				PRODUCT_NAME = "$(TARGET_NAME)";
				SWIFT_VERSION = 4.0;
				TARGETED_DEVICE_FAMILY = "1,2";
			};
			name = Debug;
		};
		CD05B6E420DD9D2900985B21 /* Release */ = {
			isa = XCBuildConfiguration;
			baseConfigurationReference = A95418D343D32DBEF5E8C9C4 /* Pods-FolledoTinder.release.xcconfig */;
			buildSettings = {
				ASSETCATALOG_COMPILER_APPICON_NAME = AppIcon;
				CODE_SIGN_STYLE = Automatic;
				DEVELOPMENT_TEAM = 8KSKUH7X29;
				INFOPLIST_FILE = FolledoTinder/Info.plist;
				LD_RUNPATH_SEARCH_PATHS = (
					"$(inherited)",
					"@executable_path/Frameworks",
				);
				PRODUCT_BUNDLE_IDENTIFIER = FolledoSwag.FolledoTinder;
				PRODUCT_NAME = "$(TARGET_NAME)";
				SWIFT_VERSION = 4.0;
				TARGETED_DEVICE_FAMILY = "1,2";
			};
			name = Release;
		};
/* End XCBuildConfiguration section */

/* Begin XCConfigurationList section */
		CD05B6CB20DD9D2000985B21 /* Build configuration list for PBXProject "FolledoTinder" */ = {
			isa = XCConfigurationList;
			buildConfigurations = (
				CD05B6E020DD9D2900985B21 /* Debug */,
				CD05B6E120DD9D2900985B21 /* Release */,
			);
			defaultConfigurationIsVisible = 0;
			defaultConfigurationName = Release;
		};
		CD05B6E220DD9D2900985B21 /* Build configuration list for PBXNativeTarget "FolledoTinder" */ = {
			isa = XCConfigurationList;
			buildConfigurations = (
				CD05B6E320DD9D2900985B21 /* Debug */,
				CD05B6E420DD9D2900985B21 /* Release */,
			);
			defaultConfigurationIsVisible = 0;
			defaultConfigurationName = Release;
		};
/* End XCConfigurationList section */
	};
	rootObject = CD05B6C820DD9D2000985B21 /* Project object */;
}
